{
  "version": 4,
  "terraform_version": "1.2.2",
  "serial": 5,
  "lineage": "860a8ee5-1704-4324-dfa6-1bf12cfae063",
  "outputs": {
    "customvpc": {
      "value": "projects/terraform-infralearns/global/networks/vpcnetlearncustomtf",
      "type": "string"
    }
  },
  "resources": [
    {
      "mode": "managed",
      "type": "google_compute_network",
      "name": "custom_vpc_net",
      "provider": "provider[\"registry.terraform.io/hashicorp/google\"]",
      "instances": [
        {
          "schema_version": 0,
          "attributes": {
            "auto_create_subnetworks": false,
            "delete_default_routes_on_create": false,
            "description": "",
            "gateway_ipv4": "",
            "id": "projects/terraform-infralearns/global/networks/vpcnetlearncustomtf",
            "mtu": 0,
            "name": "vpcnetlearncustomtf",
            "project": "terraform-infralearns",
            "routing_mode": "REGIONAL",
            "self_link": "https://www.googleapis.com/compute/v1/projects/terraform-infralearns/global/networks/vpcnetlearncustomtf",
            "timeouts": null
          },
          "sensitive_attributes": [],
          "private": "eyJlMmJmYjczMC1lY2FhLTExZTYtOGY4OC0zNDM2M2JjN2M0YzAiOnsiY3JlYXRlIjoxMjAwMDAwMDAwMDAwLCJkZWxldGUiOjEyMDAwMDAwMDAwMDAsInVwZGF0ZSI6MTIwMDAwMDAwMDAwMH19"
        }
      ]
    },
    {
      "mode": "managed",
      "type": "google_compute_subnetwork",
      "name": "custom_vpc_subnet",
      "provider": "provider[\"registry.terraform.io/hashicorp/google\"]",
      "instances": [
        {
          "schema_version": 0,
          "attributes": {
            "creation_timestamp": "2022-06-12T06:03:52.767-07:00",
            "description": "",
            "external_ipv6_prefix": "",
            "fingerprint": null,
            "gateway_address": "22.0.0.1",
            "id": "projects/terraform-infralearns/regions/asia-south1/subnetworks/subvpcnetlearncustomtf",
            "ip_cidr_range": "22.0.0.0/24",
            "ipv6_access_type": "",
            "ipv6_cidr_range": "",
            "log_config": [],
            "name": "subvpcnetlearncustomtf",
            "network": "https://www.googleapis.com/compute/v1/projects/terraform-infralearns/global/networks/vpcnetlearncustomtf",
            "private_ip_google_access": false,
            "private_ipv6_google_access": "DISABLE_GOOGLE_ACCESS",
            "project": "terraform-infralearns",
            "purpose": "PRIVATE",
            "region": "asia-south1",
            "role": "",
            "secondary_ip_range": [],
            "self_link": "https://www.googleapis.com/compute/v1/projects/terraform-infralearns/regions/asia-south1/subnetworks/subvpcnetlearncustomtf",
            "stack_type": "IPV4_ONLY",
            "timeouts": null
          },
          "sensitive_attributes": [],
          "private": "eyJlMmJmYjczMC1lY2FhLTExZTYtOGY4OC0zNDM2M2JjN2M0YzAiOnsiY3JlYXRlIjoxMjAwMDAwMDAwMDAwLCJkZWxldGUiOjEyMDAwMDAwMDAwMDAsInVwZGF0ZSI6MTIwMDAwMDAwMDAwMH19",
          "dependencies": [
            "google_compute_network.custom_vpc_net"
          ]
        }
      ]
    },
    {
      "mode": "managed",
      "type": "google_compute_subnetwork",
      "name": "custom_vpc_subnet_sngpr",
      "provider": "provider[\"registry.terraform.io/hashicorp/google\"]",
      "instances": [
        {
          "schema_version": 0,
          "attributes": {
            "creation_timestamp": "2022-06-12T06:03:52.957-07:00",
            "description": "",
            "external_ipv6_prefix": "",
            "fingerprint": null,
            "gateway_address": "22.1.0.1",
            "id": "projects/terraform-infralearns/regions/asia-southeast1/subnetworks/subvpcnetlearncustomtf",
            "ip_cidr_range": "22.1.0.0/24",
            "ipv6_access_type": "",
            "ipv6_cidr_range": "",
            "log_config": [],
            "name": "subvpcnetlearncustomtf",
            "network": "https://www.googleapis.com/compute/v1/projects/terraform-infralearns/global/networks/vpcnetlearncustomtf",
            "private_ip_google_access": false,
            "private_ipv6_google_access": "DISABLE_GOOGLE_ACCESS",
            "project": "terraform-infralearns",
            "purpose": "PRIVATE",
            "region": "asia-southeast1",
            "role": "",
            "secondary_ip_range": [],
            "self_link": "https://www.googleapis.com/compute/v1/projects/terraform-infralearns/regions/asia-southeast1/subnetworks/subvpcnetlearncustomtf",
            "stack_type": "IPV4_ONLY",
            "timeouts": null
          },
          "sensitive_attributes": [],
          "private": "eyJlMmJmYjczMC1lY2FhLTExZTYtOGY4OC0zNDM2M2JjN2M0YzAiOnsiY3JlYXRlIjoxMjAwMDAwMDAwMDAwLCJkZWxldGUiOjEyMDAwMDAwMDAwMDAsInVwZGF0ZSI6MTIwMDAwMDAwMDAwMH19",
          "dependencies": [
            "google_compute_network.custom_vpc_net"
          ]
        }
      ]
    },
    {
      "mode": "managed",
      "type": "google_storage_bucket",
      "name": "GCS_sh_acc_test1",
      "provider": "provider[\"registry.terraform.io/hashicorp/google\"]",
      "instances": [
        {
          "schema_version": 0,
          "attributes": {
            "cors": [],
            "default_event_based_hold": false,
            "encryption": [],
            "force_destroy": false,
            "id": "tf_bucket_sh_acc_test",
            "labels": null,
            "lifecycle_rule": [
              {
                "action": [
                  {
                    "storage_class": "COLDLINE",
                    "type": "SetStorageClass"
                  }
                ],
                "condition": [
                  {
                    "age": 1,
                    "created_before": "",
                    "custom_time_before": "",
                    "days_since_custom_time": 0,
                    "days_since_noncurrent_time": 0,
                    "matches_storage_class": [],
                    "noncurrent_time_before": "",
                    "num_newer_versions": 0,
                    "with_state": "ANY"
                  }
                ]
              }
            ],
            "location": "ASIA",
            "logging": [],
            "name": "tf_bucket_sh_acc_test",
            "project": "terraform-infralearns",
            "requester_pays": false,
            "retention_policy": [
              {
                "is_locked": true,
                "retention_period": 864000
              }
            ],
            "self_link": "https://www.googleapis.com/storage/v1/b/tf_bucket_sh_acc_test",
            "storage_class": "STANDARD",
            "timeouts": null,
            "uniform_bucket_level_access": true,
            "url": "gs://tf_bucket_sh_acc_test",
            "versioning": [],
            "website": []
          },
          "sensitive_attributes": [],
          "private": "eyJlMmJmYjczMC1lY2FhLTExZTYtOGY4OC0zNDM2M2JjN2M0YzAiOnsiY3JlYXRlIjoyNDAwMDAwMDAwMDAsInJlYWQiOjI0MDAwMDAwMDAwMCwidXBkYXRlIjoyNDAwMDAwMDAwMDB9fQ=="
        }
      ]
    }
  ]
}
